{
  "version": 4,
  "terraform_version": "1.14.4",
  "serial": 64,
  "lineage": "3c296fe2-fc56-6d4c-1b95-5e5c06c3d874",
  "outputs": {},
  "resources": [
    {
      "module": "module.alb",
      "mode": "managed",
      "type": "aws_lb",
      "name": "alb",
      "provider": "provider[\"registry.terraform.io/hashicorp/aws\"]",
      "instances": [
        {
          "schema_version": 0,
          "attributes": {
            "access_logs": [
              {
                "bucket": "",
                "enabled": false,
                "prefix": ""
              }
            ],
            "arn": "arn:aws:elasticloadbalancing:eu-north-1:017742597535:loadbalancer/app/application-load-balancer/edb42435948d4eac",
            "arn_suffix": "app/application-load-balancer/edb42435948d4eac",
            "client_keep_alive": 3600,
            "connection_logs": [
              {
                "bucket": "",
                "enabled": false,
                "prefix": ""
              }
            ],
            "customer_owned_ipv4_pool": "",
            "desync_mitigation_mode": "defensive",
            "dns_name": "application-load-balancer-2105534183.eu-north-1.elb.amazonaws.com",
            "dns_record_client_routing_policy": null,
            "drop_invalid_header_fields": false,
            "enable_cross_zone_load_balancing": true,
            "enable_deletion_protection": false,
            "enable_http2": true,
            "enable_tls_version_and_cipher_suite_headers": false,
            "enable_waf_fail_open": false,
            "enable_xff_client_port": false,
            "enable_zonal_shift": false,
            "enforce_security_group_inbound_rules_on_private_link_traffic": "",
            "health_check_logs": [
              {
                "bucket": "",
                "enabled": false,
                "prefix": ""
              }
            ],
            "id": "arn:aws:elasticloadbalancing:eu-north-1:017742597535:loadbalancer/app/application-load-balancer/edb42435948d4eac",
            "idle_timeout": 60,
            "internal": false,
            "ip_address_type": "ipv4",
            "ipam_pools": [],
            "load_balancer_type": "application",
            "minimum_load_balancer_capacity": [],
            "name": "application-load-balancer",
            "name_prefix": "",
            "preserve_host_header": false,
            "region": "eu-north-1",
            "secondary_ips_auto_assigned_per_subnet": null,
            "security_groups": [
              "sg-07aadc1434176dcb6"
            ],
            "subnet_mapping": [
              {
                "allocation_id": "",
                "ipv6_address": "",
                "outpost_id": "",
                "private_ipv4_address": "",
                "subnet_id": "subnet-04d0dc7b8d88d9e4b"
              },
              {
                "allocation_id": "",
                "ipv6_address": "",
                "outpost_id": "",
                "private_ipv4_address": "",
                "subnet_id": "subnet-0d9a04733e52a23bf"
              }
            ],
            "subnets": [
              "subnet-04d0dc7b8d88d9e4b",
              "subnet-0d9a04733e52a23bf"
            ],
            "tags": null,
            "tags_all": {},
            "timeouts": null,
            "vpc_id": "vpc-0f098c8de38c2c351",
            "xff_header_processing_mode": "append",
            "zone_id": "Z23TAZ6LKFMNIO"
          },
          "sensitive_attributes": [],
          "identity_schema_version": 0,
          "identity": {
            "arn": "arn:aws:elasticloadbalancing:eu-north-1:017742597535:loadbalancer/app/application-load-balancer/edb42435948d4eac"
          },
          "private": "eyJlMmJmYjczMC1lY2FhLTExZTYtOGY4OC0zNDM2M2JjN2M0YzAiOnsiY3JlYXRlIjo2MDAwMDAwMDAwMDAsImRlbGV0ZSI6NjAwMDAwMDAwMDAwLCJ1cGRhdGUiOjYwMDAwMDAwMDAwMH19",
          "dependencies": [
            "module.sg.aws_security_group.sg",
            "module.vpc.aws_subnet.subnets",
            "module.vpc.aws_vpc.this",
            "module.vpc.data.aws_availability_zones.available"
          ]
        }
      ]
    },
    {
      "module": "module.alb",
      "mode": "managed",
      "type": "aws_lb_listener",
      "name": "listener",
      "provider": "provider[\"registry.terraform.io/hashicorp/aws\"]",
      "instances": [
        {
          "schema_version": 0,
          "attributes": {
            "alpn_policy": null,
            "arn": "arn:aws:elasticloadbalancing:eu-north-1:017742597535:listener/app/application-load-balancer/edb42435948d4eac/29dd818eeddb9923",
            "certificate_arn": null,
            "default_action": [
              {
                "authenticate_cognito": [],
                "authenticate_oidc": [],
                "fixed_response": [],
                "forward": [],
                "jwt_validation": [],
                "order": 1,
                "redirect": [],
                "target_group_arn": "arn:aws:elasticloadbalancing:eu-north-1:017742597535:targetgroup/tg/66ca9962f2a0e838",
                "type": "forward"
              }
            ],
            "id": "arn:aws:elasticloadbalancing:eu-north-1:017742597535:listener/app/application-load-balancer/edb42435948d4eac/29dd818eeddb9923",
            "load_balancer_arn": "arn:aws:elasticloadbalancing:eu-north-1:017742597535:loadbalancer/app/application-load-balancer/edb42435948d4eac",
            "mutual_authentication": [],
            "port": 80,
            "protocol": "HTTP",
            "region": "eu-north-1",
            "routing_http_request_x_amzn_mtls_clientcert_header_name": null,
            "routing_http_request_x_amzn_mtls_clientcert_issuer_header_name": null,
            "routing_http_request_x_amzn_mtls_clientcert_leaf_header_name": null,
            "routing_http_request_x_amzn_mtls_clientcert_serial_number_header_name": null,
            "routing_http_request_x_amzn_mtls_clientcert_subject_header_name": null,
            "routing_http_request_x_amzn_mtls_clientcert_validity_header_name": null,
            "routing_http_request_x_amzn_tls_cipher_suite_header_name": null,
            "routing_http_request_x_amzn_tls_version_header_name": null,
            "routing_http_response_access_control_allow_credentials_header_value": "",
            "routing_http_response_access_control_allow_headers_header_value": "",
            "routing_http_response_access_control_allow_methods_header_value": "",
            "routing_http_response_access_control_allow_origin_header_value": "",
            "routing_http_response_access_control_expose_headers_header_value": "",
            "routing_http_response_access_control_max_age_header_value": "",
            "routing_http_response_content_security_policy_header_value": "",
            "routing_http_response_server_enabled": true,
            "routing_http_response_strict_transport_security_header_value": "",
            "routing_http_response_x_content_type_options_header_value": "",
            "routing_http_response_x_frame_options_header_value": "",
            "ssl_policy": "",
            "tags": null,
            "tags_all": {},
            "tcp_idle_timeout_seconds": null,
            "timeouts": null
          },
          "sensitive_attributes": [],
          "identity_schema_version": 0,
          "identity": {
            "arn": "arn:aws:elasticloadbalancing:eu-north-1:017742597535:listener/app/application-load-balancer/edb42435948d4eac/29dd818eeddb9923"
          },
          "private": "eyJlMmJmYjczMC1lY2FhLTExZTYtOGY4OC0zNDM2M2JjN2M0YzAiOnsiY3JlYXRlIjozMDAwMDAwMDAwMDAsInVwZGF0ZSI6MzAwMDAwMDAwMDAwfX0=",
          "dependencies": [
            "module.alb.aws_lb.alb",
            "module.alb.aws_lb_target_group.tg",
            "module.sg.aws_security_group.sg",
            "module.vpc.aws_subnet.subnets",
            "module.vpc.aws_vpc.this",
            "module.vpc.data.aws_availability_zones.available"
          ]
        }
      ]
    },
    {
      "module": "module.alb",
      "mode": "managed",
      "type": "aws_lb_target_group",
      "name": "tg",
      "provider": "provider[\"registry.terraform.io/hashicorp/aws\"]",
      "instances": [
        {
          "schema_version": 0,
          "attributes": {
            "arn": "arn:aws:elasticloadbalancing:eu-north-1:017742597535:targetgroup/tg/66ca9962f2a0e838",
            "arn_suffix": "targetgroup/tg/66ca9962f2a0e838",
            "connection_termination": null,
            "deregistration_delay": "300",
            "health_check": [
              {
                "enabled": true,
                "healthy_threshold": 5,
                "interval": 30,
                "matcher": "200",
                "path": "/",
                "port": "traffic-port",
                "protocol": "HTTP",
                "timeout": 5,
                "unhealthy_threshold": 2
              }
            ],
            "id": "arn:aws:elasticloadbalancing:eu-north-1:017742597535:targetgroup/tg/66ca9962f2a0e838",
            "ip_address_type": "ipv4",
            "lambda_multi_value_headers_enabled": false,
            "load_balancer_arns": [],
            "load_balancing_algorithm_type": "round_robin",
            "load_balancing_anomaly_mitigation": "off",
            "load_balancing_cross_zone_enabled": "use_load_balancer_configuration",
            "name": "tg",
            "name_prefix": "",
            "port": 80,
            "preserve_client_ip": null,
            "protocol": "HTTP",
            "protocol_version": "HTTP1",
            "proxy_protocol_v2": false,
            "region": "eu-north-1",
            "slow_start": 0,
            "stickiness": [
              {
                "cookie_duration": 86400,
                "cookie_name": "",
                "enabled": false,
                "type": "lb_cookie"
              }
            ],
            "tags": null,
            "tags_all": {},
            "target_control_port": 0,
            "target_failover": [
              {
                "on_deregistration": null,
                "on_unhealthy": null
              }
            ],
            "target_group_health": [
              {
                "dns_failover": [
                  {
                    "minimum_healthy_targets_count": "1",
                    "minimum_healthy_targets_percentage": "off"
                  }
                ],
                "unhealthy_state_routing": [
                  {
                    "minimum_healthy_targets_count": 1,
                    "minimum_healthy_targets_percentage": "off"
                  }
                ]
              }
            ],
            "target_health_state": [
              {
                "enable_unhealthy_connection_termination": null,
                "unhealthy_draining_interval": null
              }
            ],
            "target_type": "instance",
            "vpc_id": "vpc-0f098c8de38c2c351"
          },
          "sensitive_attributes": [],
          "identity_schema_version": 0,
          "identity": {
            "arn": "arn:aws:elasticloadbalancing:eu-north-1:017742597535:targetgroup/tg/66ca9962f2a0e838"
          },
          "private": "bnVsbA==",
          "dependencies": [
            "module.vpc.aws_vpc.this"
          ]
        }
      ]
    },
    {
      "module": "module.alb",
      "mode": "managed",
      "type": "aws_lb_target_group_attachment",
      "name": "tga",
      "provider": "provider[\"registry.terraform.io/hashicorp/aws\"]",
      "instances": [
        {
          "index_key": 0,
          "schema_version": 0,
          "attributes": {
            "availability_zone": null,
            "id": "arn:aws:elasticloadbalancing:eu-north-1:017742597535:targetgroup/tg/66ca9962f2a0e838,i-055c3448429396e7b,80",
            "port": 80,
            "quic_server_id": null,
            "region": "eu-north-1",
            "target_group_arn": "arn:aws:elasticloadbalancing:eu-north-1:017742597535:targetgroup/tg/66ca9962f2a0e838",
            "target_id": "i-055c3448429396e7b"
          },
          "sensitive_attributes": [],
          "identity_schema_version": 0,
          "identity": {
            "account_id": "017742597535",
            "availability_zone": null,
            "port": 80,
            "quic_server_id": null,
            "region": "eu-north-1",
            "target_group_arn": "arn:aws:elasticloadbalancing:eu-north-1:017742597535:targetgroup/tg/66ca9962f2a0e838",
            "target_id": "i-055c3448429396e7b"
          },
          "private": "bnVsbA==",
          "dependencies": [
            "module.alb.aws_lb_target_group.tg",
            "module.ec2.aws_instance.web",
            "module.ec2.data.aws_availability_zones.available",
            "module.sg.aws_security_group.sg",
            "module.vpc.aws_subnet.subnets",
            "module.vpc.aws_vpc.this",
            "module.vpc.data.aws_availability_zones.available"
          ]
        },
        {
          "index_key": 1,
          "schema_version": 0,
          "attributes": {
            "availability_zone": null,
            "id": "arn:aws:elasticloadbalancing:eu-north-1:017742597535:targetgroup/tg/66ca9962f2a0e838,i-026f6fcab0580f881,80",
            "port": 80,
            "quic_server_id": null,
            "region": "eu-north-1",
            "target_group_arn": "arn:aws:elasticloadbalancing:eu-north-1:017742597535:targetgroup/tg/66ca9962f2a0e838",
            "target_id": "i-026f6fcab0580f881"
          },
          "sensitive_attributes": [],
          "identity_schema_version": 0,
          "identity": {
            "account_id": "017742597535",
            "availability_zone": null,
            "port": 80,
            "quic_server_id": null,
            "region": "eu-north-1",
            "target_group_arn": "arn:aws:elasticloadbalancing:eu-north-1:017742597535:targetgroup/tg/66ca9962f2a0e838",
            "target_id": "i-026f6fcab0580f881"
          },
          "private": "bnVsbA==",
          "dependencies": [
            "module.alb.aws_lb_target_group.tg",
            "module.ec2.aws_instance.web",
            "module.ec2.data.aws_availability_zones.available",
            "module.sg.aws_security_group.sg",
            "module.vpc.aws_subnet.subnets",
            "module.vpc.aws_vpc.this",
            "module.vpc.data.aws_availability_zones.available"
          ]
        }
      ]
    },
    {
      "module": "module.ec2",
      "mode": "data",
      "type": "aws_availability_zones",
      "name": "available",
      "provider": "provider[\"registry.terraform.io/hashicorp/aws\"]",
      "instances": [
        {
          "schema_version": 0,
          "attributes": {
            "all_availability_zones": null,
            "exclude_names": null,
            "exclude_zone_ids": null,
            "filter": null,
            "group_names": [
              "eu-north-1-zg-1"
            ],
            "id": "eu-north-1",
            "names": [
              "eu-north-1a",
              "eu-north-1b",
              "eu-north-1c"
            ],
            "region": "eu-north-1",
            "state": "available",
            "timeouts": null,
            "zone_ids": [
              "eun1-az1",
              "eun1-az2",
              "eun1-az3"
            ]
          },
          "sensitive_attributes": [],
          "identity_schema_version": 0
        }
      ]
    },
    {
      "module": "module.ec2",
      "mode": "managed",
      "type": "aws_instance",
      "name": "web",
      "provider": "provider[\"registry.terraform.io/hashicorp/aws\"]",
      "instances": [
        {
          "index_key": 0,
          "schema_version": 2,
          "attributes": {
            "ami": "ami-09e320d375d7b8d3e",
            "arn": "arn:aws:ec2:eu-north-1:017742597535:instance/i-055c3448429396e7b",
            "associate_public_ip_address": true,
            "availability_zone": "eu-north-1a",
            "capacity_reservation_specification": [
              {
                "capacity_reservation_preference": "open",
                "capacity_reservation_target": []
              }
            ],
            "cpu_options": [
              {
                "amd_sev_snp": "",
                "core_count": 1,
                "nested_virtualization": "",
                "threads_per_core": 2
              }
            ],
            "credit_specification": [
              {
                "cpu_credits": "unlimited"
              }
            ],
            "disable_api_stop": false,
            "disable_api_termination": false,
            "ebs_block_device": [],
            "ebs_optimized": false,
            "enable_primary_ipv6": null,
            "enclave_options": [
              {
                "enabled": false
              }
            ],
            "ephemeral_block_device": [],
            "force_destroy": false,
            "get_password_data": false,
            "hibernation": false,
            "host_id": "",
            "host_resource_group_arn": null,
            "iam_instance_profile": "",
            "id": "i-055c3448429396e7b",
            "instance_initiated_shutdown_behavior": "stop",
            "instance_lifecycle": "",
            "instance_market_options": [],
            "instance_state": "running",
            "instance_type": "t3.micro",
            "ipv6_address_count": 0,
            "ipv6_addresses": [],
            "key_name": "",
            "launch_template": [],
            "maintenance_options": [
              {
                "auto_recovery": "default"
              }
            ],
            "metadata_options": [
              {
                "http_endpoint": "enabled",
                "http_protocol_ipv6": "disabled",
                "http_put_response_hop_limit": 2,
                "http_tokens": "required",
                "instance_metadata_tags": "disabled"
              }
            ],
            "monitoring": false,
            "network_interface": [],
            "outpost_arn": "",
            "password_data": "",
            "placement_group": "",
            "placement_group_id": "",
            "placement_partition_number": 0,
            "primary_network_interface": [
              {
                "delete_on_termination": true,
                "network_interface_id": "eni-058aefa668d42bf36"
              }
            ],
            "primary_network_interface_id": "eni-058aefa668d42bf36",
            "private_dns": "ip-10-0-1-124.eu-north-1.compute.internal",
            "private_dns_name_options": [
              {
                "enable_resource_name_dns_a_record": false,
                "enable_resource_name_dns_aaaa_record": false,
                "hostname_type": "ip-name"
              }
            ],
            "private_ip": "10.0.1.124",
            "public_dns": "",
            "public_ip": "13.48.135.16",
            "region": "eu-north-1",
            "root_block_device": [
              {
                "delete_on_termination": true,
                "device_name": "/dev/xvda",
                "encrypted": false,
                "iops": 3000,
                "kms_key_id": "",
                "tags": {},
                "tags_all": {},
                "throughput": 125,
                "volume_id": "vol-03ff6e16c081dfd00",
                "volume_size": 8,
                "volume_type": "gp3"
              }
            ],
            "secondary_network_interface": [],
            "secondary_private_ips": [],
            "security_groups": [],
            "source_dest_check": true,
            "spot_instance_request_id": "",
            "subnet_id": "subnet-04d0dc7b8d88d9e4b",
            "tags": {
              "Name": "webserver1"
            },
            "tags_all": {
              "Name": "webserver1"
            },
            "tenancy": "default",
            "timeouts": null,
            "user_data": "  #!/bin/bash\n    sudo yum update -y\n    sudo yum install -y httpd\n    sudo yum install -y git\n    export META_INST_ID=`curl http://169.254.169.254/latest/meta-data/instance-id`\n    export META_INST_TYPE=`curl http://169.254.169.254/latest/meta-data/instance-type`\n    export META_INST_AZ=`curl http://169.254.169.254/latest/meta-data/placement/availability-zone`\n    cd /var/www/html\n    echo '\u003c!DOCTYPE html\u003e' \u003e\u003e index.html\n    echo '\u003chtml lang=\"en\"\u003e' \u003e\u003e index.html\n    echo '\u003chead\u003e' \u003e\u003e index.html\n    echo '    \u003cmeta charset=\"UTF-8\"\u003e' \u003e\u003e index.html\n    echo '    \u003cmeta name=\"viewport\" content=\"width=device-width, initial-scale=1.0\"\u003e' \u003e\u003e index.html\n    echo '    \u003cstyle\u003e' \u003e\u003e index.html\n    echo \"        @import url('https://fonts.googleapis.com/css?family=Open+Sans\u0026display=swap');\" \u003e\u003e index.html\n    echo '        html {' \u003e\u003e index.html\n    echo '            position: relative;' \u003e\u003e index.html\n    echo '            overflow-x: hidden !important;' \u003e\u003e index.html\n    echo '        }' \u003e\u003e index.html\n    echo '        * {' \u003e\u003e index.html\n    echo '            box-sizing: border-box;' \u003e\u003e index.html\n    echo '        }' \u003e\u003e index.html\n    echo '        body {' \u003e\u003e index.html\n    echo \"            font-family: 'Open Sans', sans-serif;\" \u003e\u003e index.html\n    echo '            color: #324e63;' \u003e\u003e index.html\n    echo '        }' \u003e\u003e index.html\n    echo '        .wrapper {' \u003e\u003e index.html\n    echo '            width: 100%;' \u003e\u003e index.html\n    echo '            width: 100%;' \u003e\u003e index.html\n    echo '            height: auto;' \u003e\u003e index.html\n    echo '            min-height: 90vh;' \u003e\u003e index.html\n    echo '            padding: 50px 20px;' \u003e\u003e index.html\n    echo '            padding-top: 100px;' \u003e\u003e index.html\n    echo '            display: flex;' \u003e\u003e index.html\n    echo '        }' \u003e\u003e index.html\n    echo '        .instance-card {' \u003e\u003e index.html\n    echo '            width: 100%;' \u003e\u003e index.html\n    echo '            min-height: 380px;' \u003e\u003e index.html\n    echo '            margin: auto;' \u003e\u003e index.html\n    echo '            box-shadow: 12px 12px 2px 1px rgba(13, 28, 39, 0.4);' \u003e\u003e index.html\n    echo '            background: #fff;' \u003e\u003e index.html\n    echo '            border-radius: 15px;' \u003e\u003e index.html\n    echo '            border-width: 1px;' \u003e\u003e index.html\n    echo '            max-width: 500px;' \u003e\u003e index.html\n    echo '            position: relative;' \u003e\u003e index.html\n    echo '            border: thin groove #9c83ff;' \u003e\u003e index.html\n    echo '        }' \u003e\u003e index.html\n    echo '        .instance-card__cnt {' \u003e\u003e index.html\n    echo '            margin-top: 35px;' \u003e\u003e index.html\n    echo '            text-align: center;' \u003e\u003e index.html\n    echo '            padding: 0 20px;' \u003e\u003e index.html\n    echo '            padding-bottom: 40px;' \u003e\u003e index.html\n    echo '            transition: all .3s;' \u003e\u003e index.html\n    echo '        }' \u003e\u003e index.html\n    echo '        .instance-card__name {' \u003e\u003e index.html\n    echo '            font-weight: 700;' \u003e\u003e index.html\n    echo '            font-size: 24px;' \u003e\u003e index.html\n    echo '            color: #6944ff;' \u003e\u003e index.html\n    echo '            margin-bottom: 15px;' \u003e\u003e index.html\n    echo '        }' \u003e\u003e index.html\n    echo '        .instance-card-inf__item {' \u003e\u003e index.html\n    echo '            padding: 10px 35px;' \u003e\u003e index.html\n    echo '            min-width: 150px;' \u003e\u003e index.html\n    echo '        }' \u003e\u003e index.html\n    echo '        .instance-card-inf__title {' \u003e\u003e index.html\n    echo '            font-weight: 700;' \u003e\u003e index.html\n    echo '            font-size: 27px;' \u003e\u003e index.html\n    echo '            color: #324e63;' \u003e\u003e index.html\n    echo '        }' \u003e\u003e index.html\n    echo '        .instance-card-inf__txt {' \u003e\u003e index.html\n    echo '            font-weight: 500;' \u003e\u003e index.html\n    echo '            margin-top: 7px;' \u003e\u003e index.html\n    echo '        }' \u003e\u003e index.html\n    echo '    \u003c/style\u003e' \u003e\u003e index.html\n    echo '    \u003ctitle\u003eAmazon EC2 Status\u003c/title\u003e' \u003e\u003e index.html\n    echo '\u003c/head\u003e' \u003e\u003e index.html\n    echo '\u003cbody\u003e' \u003e\u003e index.html\n    echo '    \u003cdiv class=\"wrapper\"\u003e' \u003e\u003e index.html\n    echo '        \u003cdiv class=\"instance-card\"\u003e' \u003e\u003e index.html\n    echo '            \u003cdiv class=\"instance-card__cnt\"\u003e' \u003e\u003e index.html\n    echo '                \u003cdiv class=\"instance-card__name\"\u003eYour EC2 Instance is running!\u003c/div\u003e' \u003e\u003e index.html\n    echo '                \u003cdiv class=\"instance-card-inf\"\u003e' \u003e\u003e index.html\n    echo '                    \u003cdiv class=\"instance-card-inf__item\"\u003e' \u003e\u003e index.html\n    echo '                        \u003cdiv class=\"instance-card-inf__txt\"\u003eInstance Id\u003c/div\u003e' \u003e\u003e index.html\n    echo \"                        \u003cdiv class=\\\"instance-card-inf__title\\\"\u003e\" $META_INST_ID \"\u003c/div\u003e\" \u003e\u003e index.html\n    echo '                    \u003c/div\u003e' \u003e\u003e index.html\n    echo '                    \u003cdiv class=\"instance-card-inf__item\"\u003e' \u003e\u003e index.html\n    echo '                        \u003cdiv class=\"instance-card-inf__txt\"\u003eInstance Type\u003c/div\u003e' \u003e\u003e index.html\n    echo \"                        \u003cdiv class=\\\"instance-card-inf__title\\\"\u003e\" $META_INST_TYPE \"\u003c/div\u003e\" \u003e\u003e index.html\n    echo '                    \u003c/div\u003e' \u003e\u003e index.html\n    echo '                    \u003cdiv class=\"instance-card-inf__item\"\u003e' \u003e\u003e index.html\n    echo '                        \u003cdiv class=\"instance-card-inf__txt\"\u003eAvailability zone\u003c/div\u003e' \u003e\u003e index.html\n    echo \"                        \u003cdiv class=\\\"instance-card-inf__title\\\"\u003e\" $META_INST_AZ \"\u003c/div\u003e\" \u003e\u003e index.html\n    echo '                    \u003c/div\u003e' \u003e\u003e index.html\n    echo '                \u003c/div\u003e' \u003e\u003e index.html\n    echo '            \u003c/div\u003e' \u003e\u003e index.html\n    echo '        \u003c/div\u003e' \u003e\u003e index.html\n    echo '\u003c/body\u003e' \u003e\u003e index.html\n    echo '\u003c/html\u003e' \u003e\u003e index.html\n    sudo service httpd start\n",
            "user_data_base64": null,
            "user_data_replace_on_change": false,
            "volume_tags": null,
            "vpc_security_group_ids": [
              "sg-07aadc1434176dcb6"
            ]
          },
          "sensitive_attributes": [],
          "identity_schema_version": 0,
          "identity": {
            "account_id": "017742597535",
            "id": "i-055c3448429396e7b",
            "region": "eu-north-1"
          },
          "private": "eyJlMmJmYjczMC1lY2FhLTExZTYtOGY4OC0zNDM2M2JjN2M0YzAiOnsiY3JlYXRlIjo2MDAwMDAwMDAwMDAsImRlbGV0ZSI6MTIwMDAwMDAwMDAwMCwicmVhZCI6OTAwMDAwMDAwMDAwLCJ1cGRhdGUiOjYwMDAwMDAwMDAwMH0sInNjaGVtYV92ZXJzaW9uIjoiMiJ9",
          "dependencies": [
            "module.ec2.data.aws_availability_zones.available",
            "module.sg.aws_security_group.sg",
            "module.vpc.aws_subnet.subnets",
            "module.vpc.aws_vpc.this",
            "module.vpc.data.aws_availability_zones.available"
          ]
        },
        {
          "index_key": 1,
          "schema_version": 2,
          "attributes": {
            "ami": "ami-09e320d375d7b8d3e",
            "arn": "arn:aws:ec2:eu-north-1:017742597535:instance/i-026f6fcab0580f881",
            "associate_public_ip_address": true,
            "availability_zone": "eu-north-1b",
            "capacity_reservation_specification": [
              {
                "capacity_reservation_preference": "open",
                "capacity_reservation_target": []
              }
            ],
            "cpu_options": [
              {
                "amd_sev_snp": "",
                "core_count": 1,
                "nested_virtualization": "",
                "threads_per_core": 2
              }
            ],
            "credit_specification": [
              {
                "cpu_credits": "unlimited"
              }
            ],
            "disable_api_stop": false,
            "disable_api_termination": false,
            "ebs_block_device": [],
            "ebs_optimized": false,
            "enable_primary_ipv6": null,
            "enclave_options": [
              {
                "enabled": false
              }
            ],
            "ephemeral_block_device": [],
            "force_destroy": false,
            "get_password_data": false,
            "hibernation": false,
            "host_id": "",
            "host_resource_group_arn": null,
            "iam_instance_profile": "",
            "id": "i-026f6fcab0580f881",
            "instance_initiated_shutdown_behavior": "stop",
            "instance_lifecycle": "",
            "instance_market_options": [],
            "instance_state": "running",
            "instance_type": "t3.micro",
            "ipv6_address_count": 0,
            "ipv6_addresses": [],
            "key_name": "",
            "launch_template": [],
            "maintenance_options": [
              {
                "auto_recovery": "default"
              }
            ],
            "metadata_options": [
              {
                "http_endpoint": "enabled",
                "http_protocol_ipv6": "disabled",
                "http_put_response_hop_limit": 2,
                "http_tokens": "required",
                "instance_metadata_tags": "disabled"
              }
            ],
            "monitoring": false,
            "network_interface": [],
            "outpost_arn": "",
            "password_data": "",
            "placement_group": "",
            "placement_group_id": "",
            "placement_partition_number": 0,
            "primary_network_interface": [
              {
                "delete_on_termination": true,
                "network_interface_id": "eni-0d91ed29d60565689"
              }
            ],
            "primary_network_interface_id": "eni-0d91ed29d60565689",
            "private_dns": "ip-10-0-2-201.eu-north-1.compute.internal",
            "private_dns_name_options": [
              {
                "enable_resource_name_dns_a_record": false,
                "enable_resource_name_dns_aaaa_record": false,
                "hostname_type": "ip-name"
              }
            ],
            "private_ip": "10.0.2.201",
            "public_dns": "",
            "public_ip": "13.60.191.135",
            "region": "eu-north-1",
            "root_block_device": [
              {
                "delete_on_termination": true,
                "device_name": "/dev/xvda",
                "encrypted": false,
                "iops": 3000,
                "kms_key_id": "",
                "tags": {},
                "tags_all": {},
                "throughput": 125,
                "volume_id": "vol-0fd787b105ef239cd",
                "volume_size": 8,
                "volume_type": "gp3"
              }
            ],
            "secondary_network_interface": [],
            "secondary_private_ips": [],
            "security_groups": [],
            "source_dest_check": true,
            "spot_instance_request_id": "",
            "subnet_id": "subnet-0d9a04733e52a23bf",
            "tags": {
              "Name": "webserver2"
            },
            "tags_all": {
              "Name": "webserver2"
            },
            "tenancy": "default",
            "timeouts": null,
            "user_data": "  #!/bin/bash\n    sudo yum update -y\n    sudo yum install -y httpd\n    sudo yum install -y git\n    export META_INST_ID=`curl http://169.254.169.254/latest/meta-data/instance-id`\n    export META_INST_TYPE=`curl http://169.254.169.254/latest/meta-data/instance-type`\n    export META_INST_AZ=`curl http://169.254.169.254/latest/meta-data/placement/availability-zone`\n    cd /var/www/html\n    echo '\u003c!DOCTYPE html\u003e' \u003e\u003e index.html\n    echo '\u003chtml lang=\"en\"\u003e' \u003e\u003e index.html\n    echo '\u003chead\u003e' \u003e\u003e index.html\n    echo '    \u003cmeta charset=\"UTF-8\"\u003e' \u003e\u003e index.html\n    echo '    \u003cmeta name=\"viewport\" content=\"width=device-width, initial-scale=1.0\"\u003e' \u003e\u003e index.html\n    echo '    \u003cstyle\u003e' \u003e\u003e index.html\n    echo \"        @import url('https://fonts.googleapis.com/css?family=Open+Sans\u0026display=swap');\" \u003e\u003e index.html\n    echo '        html {' \u003e\u003e index.html\n    echo '            position: relative;' \u003e\u003e index.html\n    echo '            overflow-x: hidden !important;' \u003e\u003e index.html\n    echo '        }' \u003e\u003e index.html\n    echo '        * {' \u003e\u003e index.html\n    echo '            box-sizing: border-box;' \u003e\u003e index.html\n    echo '        }' \u003e\u003e index.html\n    echo '        body {' \u003e\u003e index.html\n    echo \"            font-family: 'Open Sans', sans-serif;\" \u003e\u003e index.html\n    echo '            color: #324e63;' \u003e\u003e index.html\n    echo '        }' \u003e\u003e index.html\n    echo '        .wrapper {' \u003e\u003e index.html\n    echo '            width: 100%;' \u003e\u003e index.html\n    echo '            width: 100%;' \u003e\u003e index.html\n    echo '            height: auto;' \u003e\u003e index.html\n    echo '            min-height: 90vh;' \u003e\u003e index.html\n    echo '            padding: 50px 20px;' \u003e\u003e index.html\n    echo '            padding-top: 100px;' \u003e\u003e index.html\n    echo '            display: flex;' \u003e\u003e index.html\n    echo '        }' \u003e\u003e index.html\n    echo '        .instance-card {' \u003e\u003e index.html\n    echo '            width: 100%;' \u003e\u003e index.html\n    echo '            min-height: 380px;' \u003e\u003e index.html\n    echo '            margin: auto;' \u003e\u003e index.html\n    echo '            box-shadow: 12px 12px 2px 1px rgba(13, 28, 39, 0.4);' \u003e\u003e index.html\n    echo '            background: #fff;' \u003e\u003e index.html\n    echo '            border-radius: 15px;' \u003e\u003e index.html\n    echo '            border-width: 1px;' \u003e\u003e index.html\n    echo '            max-width: 500px;' \u003e\u003e index.html\n    echo '            position: relative;' \u003e\u003e index.html\n    echo '            border: thin groove #9c83ff;' \u003e\u003e index.html\n    echo '        }' \u003e\u003e index.html\n    echo '        .instance-card__cnt {' \u003e\u003e index.html\n    echo '            margin-top: 35px;' \u003e\u003e index.html\n    echo '            text-align: center;' \u003e\u003e index.html\n    echo '            padding: 0 20px;' \u003e\u003e index.html\n    echo '            padding-bottom: 40px;' \u003e\u003e index.html\n    echo '            transition: all .3s;' \u003e\u003e index.html\n    echo '        }' \u003e\u003e index.html\n    echo '        .instance-card__name {' \u003e\u003e index.html\n    echo '            font-weight: 700;' \u003e\u003e index.html\n    echo '            font-size: 24px;' \u003e\u003e index.html\n    echo '            color: #6944ff;' \u003e\u003e index.html\n    echo '            margin-bottom: 15px;' \u003e\u003e index.html\n    echo '        }' \u003e\u003e index.html\n    echo '        .instance-card-inf__item {' \u003e\u003e index.html\n    echo '            padding: 10px 35px;' \u003e\u003e index.html\n    echo '            min-width: 150px;' \u003e\u003e index.html\n    echo '        }' \u003e\u003e index.html\n    echo '        .instance-card-inf__title {' \u003e\u003e index.html\n    echo '            font-weight: 700;' \u003e\u003e index.html\n    echo '            font-size: 27px;' \u003e\u003e index.html\n    echo '            color: #324e63;' \u003e\u003e index.html\n    echo '        }' \u003e\u003e index.html\n    echo '        .instance-card-inf__txt {' \u003e\u003e index.html\n    echo '            font-weight: 500;' \u003e\u003e index.html\n    echo '            margin-top: 7px;' \u003e\u003e index.html\n    echo '        }' \u003e\u003e index.html\n    echo '    \u003c/style\u003e' \u003e\u003e index.html\n    echo '    \u003ctitle\u003eAmazon EC2 Status\u003c/title\u003e' \u003e\u003e index.html\n    echo '\u003c/head\u003e' \u003e\u003e index.html\n    echo '\u003cbody\u003e' \u003e\u003e index.html\n    echo '    \u003cdiv class=\"wrapper\"\u003e' \u003e\u003e index.html\n    echo '        \u003cdiv class=\"instance-card\"\u003e' \u003e\u003e index.html\n    echo '            \u003cdiv class=\"instance-card__cnt\"\u003e' \u003e\u003e index.html\n    echo '                \u003cdiv class=\"instance-card__name\"\u003eYour EC2 Instance is running!\u003c/div\u003e' \u003e\u003e index.html\n    echo '                \u003cdiv class=\"instance-card-inf\"\u003e' \u003e\u003e index.html\n    echo '                    \u003cdiv class=\"instance-card-inf__item\"\u003e' \u003e\u003e index.html\n    echo '                        \u003cdiv class=\"instance-card-inf__txt\"\u003eInstance Id\u003c/div\u003e' \u003e\u003e index.html\n    echo \"                        \u003cdiv class=\\\"instance-card-inf__title\\\"\u003e\" $META_INST_ID \"\u003c/div\u003e\" \u003e\u003e index.html\n    echo '                    \u003c/div\u003e' \u003e\u003e index.html\n    echo '                    \u003cdiv class=\"instance-card-inf__item\"\u003e' \u003e\u003e index.html\n    echo '                        \u003cdiv class=\"instance-card-inf__txt\"\u003eInstance Type\u003c/div\u003e' \u003e\u003e index.html\n    echo \"                        \u003cdiv class=\\\"instance-card-inf__title\\\"\u003e\" $META_INST_TYPE \"\u003c/div\u003e\" \u003e\u003e index.html\n    echo '                    \u003c/div\u003e' \u003e\u003e index.html\n    echo '                    \u003cdiv class=\"instance-card-inf__item\"\u003e' \u003e\u003e index.html\n    echo '                        \u003cdiv class=\"instance-card-inf__txt\"\u003eAvailability zone\u003c/div\u003e' \u003e\u003e index.html\n    echo \"                        \u003cdiv class=\\\"instance-card-inf__title\\\"\u003e\" $META_INST_AZ \"\u003c/div\u003e\" \u003e\u003e index.html\n    echo '                    \u003c/div\u003e' \u003e\u003e index.html\n    echo '                \u003c/div\u003e' \u003e\u003e index.html\n    echo '            \u003c/div\u003e' \u003e\u003e index.html\n    echo '        \u003c/div\u003e' \u003e\u003e index.html\n    echo '\u003c/body\u003e' \u003e\u003e index.html\n    echo '\u003c/html\u003e' \u003e\u003e index.html\n    sudo service httpd start\n",
            "user_data_base64": null,
            "user_data_replace_on_change": false,
            "volume_tags": null,
            "vpc_security_group_ids": [
              "sg-07aadc1434176dcb6"
            ]
          },
          "sensitive_attributes": [],
          "identity_schema_version": 0,
          "identity": {
            "account_id": "017742597535",
            "id": "i-026f6fcab0580f881",
            "region": "eu-north-1"
          },
          "private": "eyJlMmJmYjczMC1lY2FhLTExZTYtOGY4OC0zNDM2M2JjN2M0YzAiOnsiY3JlYXRlIjo2MDAwMDAwMDAwMDAsImRlbGV0ZSI6MTIwMDAwMDAwMDAwMCwicmVhZCI6OTAwMDAwMDAwMDAwLCJ1cGRhdGUiOjYwMDAwMDAwMDAwMH0sInNjaGVtYV92ZXJzaW9uIjoiMiJ9",
          "dependencies": [
            "module.ec2.data.aws_availability_zones.available",
            "module.sg.aws_security_group.sg",
            "module.vpc.aws_subnet.subnets",
            "module.vpc.aws_vpc.this",
            "module.vpc.data.aws_availability_zones.available"
          ]
        }
      ]
    },
    {
      "module": "module.sg",
      "mode": "managed",
      "type": "aws_security_group",
      "name": "sg",
      "provider": "provider[\"registry.terraform.io/hashicorp/aws\"]",
      "instances": [
        {
          "schema_version": 1,
          "attributes": {
            "arn": "arn:aws:ec2:eu-north-1:017742597535:security-group/sg-07aadc1434176dcb6",
            "description": "Allow HTTP, SSH inbound traffic",
            "egress": [],
            "id": "sg-07aadc1434176dcb6",
            "ingress": [],
            "name": "sg",
            "name_prefix": "",
            "owner_id": "017742597535",
            "region": "eu-north-1",
            "revoke_rules_on_delete": false,
            "tags": {
              "Name": "MySecurityGroup"
            },
            "tags_all": {
              "Name": "MySecurityGroup"
            },
            "timeouts": null,
            "vpc_id": "vpc-0f098c8de38c2c351"
          },
          "sensitive_attributes": [],
          "identity_schema_version": 0,
          "identity": {
            "account_id": "017742597535",
            "id": "sg-07aadc1434176dcb6",
            "region": "eu-north-1"
          },
          "private": "eyJlMmJmYjczMC1lY2FhLTExZTYtOGY4OC0zNDM2M2JjN2M0YzAiOnsiY3JlYXRlIjo2MDAwMDAwMDAwMDAsImRlbGV0ZSI6OTAwMDAwMDAwMDAwfSwic2NoZW1hX3ZlcnNpb24iOiIxIn0=",
          "dependencies": [
            "module.vpc.aws_vpc.this"
          ]
        }
      ]
    },
    {
      "module": "module.sg",
      "mode": "managed",
      "type": "aws_vpc_security_group_egress_rule",
      "name": "public_outbound",
      "provider": "provider[\"registry.terraform.io/hashicorp/aws\"]",
      "instances": [
        {
          "schema_version": 0,
          "attributes": {
            "arn": "arn:aws:ec2:eu-north-1:017742597535:security-group-rule/sgr-0dc58223b280e99c3",
            "cidr_ipv4": "0.0.0.0/0",
            "cidr_ipv6": null,
            "description": null,
            "from_port": null,
            "id": "sgr-0dc58223b280e99c3",
            "ip_protocol": "-1",
            "prefix_list_id": null,
            "referenced_security_group_id": null,
            "region": "eu-north-1",
            "security_group_id": "sg-07aadc1434176dcb6",
            "security_group_rule_id": "sgr-0dc58223b280e99c3",
            "tags": null,
            "tags_all": {},
            "to_port": null
          },
          "sensitive_attributes": [],
          "identity_schema_version": 0,
          "identity": {
            "account_id": "017742597535",
            "id": "sgr-0dc58223b280e99c3",
            "region": "eu-north-1"
          },
          "dependencies": [
            "module.sg.aws_security_group.sg",
            "module.vpc.aws_vpc.this"
          ]
        }
      ]
    },
    {
      "module": "module.sg",
      "mode": "managed",
      "type": "aws_vpc_security_group_ingress_rule",
      "name": "allow_http",
      "provider": "provider[\"registry.terraform.io/hashicorp/aws\"]",
      "instances": [
        {
          "schema_version": 0,
          "attributes": {
            "arn": "arn:aws:ec2:eu-north-1:017742597535:security-group-rule/sgr-04f916c426680f608",
            "cidr_ipv4": "0.0.0.0/0",
            "cidr_ipv6": null,
            "description": null,
            "from_port": 80,
            "id": "sgr-04f916c426680f608",
            "ip_protocol": "tcp",
            "prefix_list_id": null,
            "referenced_security_group_id": null,
            "region": "eu-north-1",
            "security_group_id": "sg-07aadc1434176dcb6",
            "security_group_rule_id": "sgr-04f916c426680f608",
            "tags": null,
            "tags_all": {},
            "to_port": 80
          },
          "sensitive_attributes": [],
          "identity_schema_version": 0,
          "identity": {
            "account_id": "017742597535",
            "id": "sgr-04f916c426680f608",
            "region": "eu-north-1"
          },
          "dependencies": [
            "module.sg.aws_security_group.sg",
            "module.vpc.aws_vpc.this"
          ]
        }
      ]
    },
    {
      "module": "module.sg",
      "mode": "managed",
      "type": "aws_vpc_security_group_ingress_rule",
      "name": "allow_ssh",
      "provider": "provider[\"registry.terraform.io/hashicorp/aws\"]",
      "instances": [
        {
          "schema_version": 0,
          "attributes": {
            "arn": "arn:aws:ec2:eu-north-1:017742597535:security-group-rule/sgr-0411431f9bd4eefc8",
            "cidr_ipv4": "0.0.0.0/0",
            "cidr_ipv6": null,
            "description": null,
            "from_port": 22,
            "id": "sgr-0411431f9bd4eefc8",
            "ip_protocol": "tcp",
            "prefix_list_id": null,
            "referenced_security_group_id": null,
            "region": "eu-north-1",
            "security_group_id": "sg-07aadc1434176dcb6",
            "security_group_rule_id": "sgr-0411431f9bd4eefc8",
            "tags": null,
            "tags_all": {},
            "to_port": 22
          },
          "sensitive_attributes": [],
          "identity_schema_version": 0,
          "identity": {
            "account_id": "017742597535",
            "id": "sgr-0411431f9bd4eefc8",
            "region": "eu-north-1"
          },
          "dependencies": [
            "module.sg.aws_security_group.sg",
            "module.vpc.aws_vpc.this"
          ]
        }
      ]
    },
    {
      "module": "module.vpc",
      "mode": "data",
      "type": "aws_availability_zones",
      "name": "available",
      "provider": "provider[\"registry.terraform.io/hashicorp/aws\"]",
      "instances": [
        {
          "schema_version": 0,
          "attributes": {
            "all_availability_zones": null,
            "exclude_names": null,
            "exclude_zone_ids": null,
            "filter": null,
            "group_names": [
              "eu-north-1-zg-1"
            ],
            "id": "eu-north-1",
            "names": [
              "eu-north-1a",
              "eu-north-1b",
              "eu-north-1c"
            ],
            "region": "eu-north-1",
            "state": "available",
            "timeouts": null,
            "zone_ids": [
              "eun1-az1",
              "eun1-az2",
              "eun1-az3"
            ]
          },
          "sensitive_attributes": [],
          "identity_schema_version": 0
        }
      ]
    },
    {
      "module": "module.vpc",
      "mode": "managed",
      "type": "aws_internet_gateway",
      "name": "igw",
      "provider": "provider[\"registry.terraform.io/hashicorp/aws\"]",
      "instances": [
        {
          "schema_version": 0,
          "attributes": {
            "arn": "arn:aws:ec2:eu-north-1:017742597535:internet-gateway/igw-0e2f19a86499b85c3",
            "id": "igw-0e2f19a86499b85c3",
            "owner_id": "017742597535",
            "region": "eu-north-1",
            "tags": {
              "Name": "MyInternetGateway"
            },
            "tags_all": {
              "Name": "MyInternetGateway"
            },
            "timeouts": null,
            "vpc_id": "vpc-0f098c8de38c2c351"
          },
          "sensitive_attributes": [],
          "identity_schema_version": 0,
          "identity": {
            "account_id": "017742597535",
            "id": "igw-0e2f19a86499b85c3",
            "region": "eu-north-1"
          },
          "private": "eyJlMmJmYjczMC1lY2FhLTExZTYtOGY4OC0zNDM2M2JjN2M0YzAiOnsiY3JlYXRlIjoxMjAwMDAwMDAwMDAwLCJkZWxldGUiOjEyMDAwMDAwMDAwMDAsInVwZGF0ZSI6MTIwMDAwMDAwMDAwMH19",
          "dependencies": [
            "module.vpc.aws_vpc.this"
          ]
        }
      ]
    },
    {
      "module": "module.vpc",
      "mode": "managed",
      "type": "aws_route_table",
      "name": "rt",
      "provider": "provider[\"registry.terraform.io/hashicorp/aws\"]",
      "instances": [
        {
          "schema_version": 0,
          "attributes": {
            "arn": "arn:aws:ec2:eu-north-1:017742597535:route-table/rtb-03abe84db3062cd5d",
            "id": "rtb-03abe84db3062cd5d",
            "owner_id": "017742597535",
            "propagating_vgws": [],
            "region": "eu-north-1",
            "route": [
              {
                "carrier_gateway_id": "",
                "cidr_block": "0.0.0.0/0",
                "core_network_arn": "",
                "destination_prefix_list_id": "",
                "egress_only_gateway_id": "",
                "gateway_id": "igw-0e2f19a86499b85c3",
                "ipv6_cidr_block": "",
                "local_gateway_id": "",
                "nat_gateway_id": "",
                "network_interface_id": "",
                "transit_gateway_id": "",
                "vpc_endpoint_id": "",
                "vpc_peering_connection_id": ""
              }
            ],
            "tags": null,
            "tags_all": {},
            "timeouts": null,
            "vpc_id": "vpc-0f098c8de38c2c351"
          },
          "sensitive_attributes": [],
          "identity_schema_version": 0,
          "identity": {
            "account_id": "017742597535",
            "id": "rtb-03abe84db3062cd5d",
            "region": "eu-north-1"
          },
          "private": "eyJlMmJmYjczMC1lY2FhLTExZTYtOGY4OC0zNDM2M2JjN2M0YzAiOnsiY3JlYXRlIjozMDAwMDAwMDAwMDAsImRlbGV0ZSI6MzAwMDAwMDAwMDAwLCJ1cGRhdGUiOjEyMDAwMDAwMDAwMH19",
          "dependencies": [
            "module.vpc.aws_internet_gateway.igw",
            "module.vpc.aws_vpc.this"
          ]
        }
      ]
    },
    {
      "module": "module.vpc",
      "mode": "managed",
      "type": "aws_subnet",
      "name": "subnets",
      "provider": "provider[\"registry.terraform.io/hashicorp/aws\"]",
      "instances": [
        {
          "index_key": 0,
          "schema_version": 1,
          "attributes": {
            "arn": "arn:aws:ec2:eu-north-1:017742597535:subnet/subnet-04d0dc7b8d88d9e4b",
            "assign_ipv6_address_on_creation": false,
            "availability_zone": "eu-north-1a",
            "availability_zone_id": "eun1-az1",
            "cidr_block": "10.0.1.0/24",
            "customer_owned_ipv4_pool": "",
            "enable_dns64": false,
            "enable_lni_at_device_index": 0,
            "enable_resource_name_dns_a_record_on_launch": false,
            "enable_resource_name_dns_aaaa_record_on_launch": false,
            "id": "subnet-04d0dc7b8d88d9e4b",
            "ipv4_ipam_pool_id": null,
            "ipv4_netmask_length": null,
            "ipv6_cidr_block": "",
            "ipv6_cidr_block_association_id": "",
            "ipv6_ipam_pool_id": null,
            "ipv6_native": false,
            "ipv6_netmask_length": null,
            "map_customer_owned_ip_on_launch": false,
            "map_public_ip_on_launch": true,
            "outpost_arn": "",
            "owner_id": "017742597535",
            "private_dns_hostname_type_on_launch": "ip-name",
            "region": "eu-north-1",
            "tags": {
              "Name": "PublicSubnet1"
            },
            "tags_all": {
              "Name": "PublicSubnet1"
            },
            "timeouts": null,
            "vpc_id": "vpc-0f098c8de38c2c351"
          },
          "sensitive_attributes": [],
          "identity_schema_version": 0,
          "identity": {
            "account_id": "017742597535",
            "id": "subnet-04d0dc7b8d88d9e4b",
            "region": "eu-north-1"
          },
          "private": "eyJlMmJmYjczMC1lY2FhLTExZTYtOGY4OC0zNDM2M2JjN2M0YzAiOnsiY3JlYXRlIjo2MDAwMDAwMDAwMDAsImRlbGV0ZSI6MTIwMDAwMDAwMDAwMH0sInNjaGVtYV92ZXJzaW9uIjoiMSJ9",
          "dependencies": [
            "module.vpc.aws_vpc.this",
            "module.vpc.data.aws_availability_zones.available"
          ]
        },
        {
          "index_key": 1,
          "schema_version": 1,
          "attributes": {
            "arn": "arn:aws:ec2:eu-north-1:017742597535:subnet/subnet-0d9a04733e52a23bf",
            "assign_ipv6_address_on_creation": false,
            "availability_zone": "eu-north-1b",
            "availability_zone_id": "eun1-az2",
            "cidr_block": "10.0.2.0/24",
            "customer_owned_ipv4_pool": "",
            "enable_dns64": false,
            "enable_lni_at_device_index": 0,
            "enable_resource_name_dns_a_record_on_launch": false,
            "enable_resource_name_dns_aaaa_record_on_launch": false,
            "id": "subnet-0d9a04733e52a23bf",
            "ipv4_ipam_pool_id": null,
            "ipv4_netmask_length": null,
            "ipv6_cidr_block": "",
            "ipv6_cidr_block_association_id": "",
            "ipv6_ipam_pool_id": null,
            "ipv6_native": false,
            "ipv6_netmask_length": null,
            "map_customer_owned_ip_on_launch": false,
            "map_public_ip_on_launch": true,
            "outpost_arn": "",
            "owner_id": "017742597535",
            "private_dns_hostname_type_on_launch": "ip-name",
            "region": "eu-north-1",
            "tags": {
              "Name": "PublicSubnet2"
            },
            "tags_all": {
              "Name": "PublicSubnet2"
            },
            "timeouts": null,
            "vpc_id": "vpc-0f098c8de38c2c351"
          },
          "sensitive_attributes": [],
          "identity_schema_version": 0,
          "identity": {
            "account_id": "017742597535",
            "id": "subnet-0d9a04733e52a23bf",
            "region": "eu-north-1"
          },
          "private": "eyJlMmJmYjczMC1lY2FhLTExZTYtOGY4OC0zNDM2M2JjN2M0YzAiOnsiY3JlYXRlIjo2MDAwMDAwMDAwMDAsImRlbGV0ZSI6MTIwMDAwMDAwMDAwMH0sInNjaGVtYV92ZXJzaW9uIjoiMSJ9",
          "dependencies": [
            "module.vpc.aws_vpc.this",
            "module.vpc.data.aws_availability_zones.available"
          ]
        }
      ]
    },
    {
      "module": "module.vpc",
      "mode": "managed",
      "type": "aws_vpc",
      "name": "this",
      "provider": "provider[\"registry.terraform.io/hashicorp/aws\"]",
      "instances": [
        {
          "schema_version": 1,
          "attributes": {
            "arn": "arn:aws:ec2:eu-north-1:017742597535:vpc/vpc-0f098c8de38c2c351",
            "assign_generated_ipv6_cidr_block": false,
            "cidr_block": "10.0.0.0/16",
            "default_network_acl_id": "acl-0d4b44ece29a66a89",
            "default_route_table_id": "rtb-0ad62a006a19b6f96",
            "default_security_group_id": "sg-098b4409fb23cb38f",
            "dhcp_options_id": "dopt-0f58ed70b5f3bccd9",
            "enable_dns_hostnames": false,
            "enable_dns_support": true,
            "enable_network_address_usage_metrics": false,
            "id": "vpc-0f098c8de38c2c351",
            "instance_tenancy": "default",
            "ipv4_ipam_pool_id": null,
            "ipv4_netmask_length": null,
            "ipv6_association_id": "",
            "ipv6_cidr_block": "",
            "ipv6_cidr_block_network_border_group": "",
            "ipv6_ipam_pool_id": "",
            "ipv6_netmask_length": 0,
            "main_route_table_id": "rtb-0ad62a006a19b6f96",
            "owner_id": "017742597535",
            "region": "eu-north-1",
            "tags": {
              "Name": "my_vpc"
            },
            "tags_all": {
              "Name": "my_vpc"
            }
          },
          "sensitive_attributes": [],
          "identity_schema_version": 0,
          "identity": {
            "account_id": "017742597535",
            "id": "vpc-0f098c8de38c2c351",
            "region": "eu-north-1"
          },
          "private": "eyJzY2hlbWFfdmVyc2lvbiI6IjEifQ=="
        }
      ]
    }
  ],
  "check_results": null
}
